
Microsoft Visual Studio Solution File, Format Version 12.00
# Visual Studio Version 17
VisualStudioVersion = 17.8.34330.188
MinimumVisualStudioVersion = 10.0.40219.1
Project("{FAE04EC0-301F-11D3-BF4B-00C04F79EFBC}") = "cinemate", "cinemate.csproj", "{FF07A793-157F-4636-9884-319B3FCF2967}"
EndProject
Global
	GlobalSection(SolutionConfigurationPlatforms) = preSolution
		Debug|Any CPU = Debug|Any CPU
		Release|Any CPU = Release|Any CPU
	EndGlobalSection
	GlobalSection(ProjectConfigurationPlatforms) = postSolution
		{FF07A793-157F-4636-9884-319B3FCF2967}.Debug|Any CPU.ActiveCfg = Debug|Any CPU
		{FF07A793-157F-4636-9884-319B3FCF2967}.Debug|Any CPU.Build.0 = Debug|Any CPU
		{FF07A793-157F-4636-9884-319B3FCF2967}.Release|Any CPU.ActiveCfg = Release|Any CPU
		{FF07A793-157F-4636-9884-319B3FCF2967}.Release|Any CPU.Build.0 = Release|Any CPU
	EndGlobalSection
	GlobalSection(SolutionProperties) = preSolution
		HideSolutionNode = FALSE
	EndGlobalSection
	GlobalSection(ExtensibilityGlobals) = postSolution
		SolutionGuid = {19758723-733C-41B0-89CF-36CE5DFAA16A}
	EndGlobalSection
EndGlobal
